<?xml version="1.0" encoding="utf-8"?>
<Project ToolsVersion="4.0" xmlns="http://schemas.microsoft.com/developer/msbuild/2003">
  <ItemGroup>
    <ClCompile Include="glad.c" />
    <ClCompile Include="Application\Main.cpp" />
    <ClCompile Include="Thirdparty\imgui\imgui.cpp">
      <Filter>ThirdParty\imgui</Filter>
    </ClCompile>
    <ClCompile Include="Thirdparty\imgui\imgui_demo.cpp">
      <Filter>ThirdParty\imgui</Filter>
    </ClCompile>
    <ClCompile Include="Thirdparty\imgui\imgui_draw.cpp">
      <Filter>ThirdParty\imgui</Filter>
    </ClCompile>
    <ClCompile Include="Thirdparty\imgui\imgui_impl_glfw.cpp">
      <Filter>ThirdParty\imgui</Filter>
    </ClCompile>
    <ClCompile Include="Thirdparty\imgui\imgui_impl_opengl3.cpp">
      <Filter>ThirdParty\imgui</Filter>
    </ClCompile>
    <ClCompile Include="Thirdparty\imgui\imgui_tables.cpp">
      <Filter>ThirdParty\imgui</Filter>
    </ClCompile>
    <ClCompile Include="Thirdparty\imgui\imgui_widgets.cpp">
      <Filter>ThirdParty\imgui</Filter>
    </ClCompile>
    <ClCompile Include="Level\Mesh.cpp">
      <Filter>Level</Filter>
    </ClCompile>
    <ClCompile Include="Renderer\Shader.cpp">
      <Filter>Shaders</Filter>
    </ClCompile>
    <ClCompile Include="Level\Camera.cpp">
      <Filter>Level</Filter>
    </ClCompile>
    <ClCompile Include="Level\MaterialManager.cpp">
      <Filter>Level</Filter>
    </ClCompile>
    <ClCompile Include="Renderer\EBO.cpp" />
    <ClCompile Include="Renderer\VAO.cpp" />
    <ClCompile Include="Renderer\VBO.cpp" />
  </ItemGroup>
  <ItemGroup>
    <ClInclude Include="Application\Main.h" />
    <ClInclude Include="Thirdparty\imgui\imconfig.h">
      <Filter>ThirdParty\imgui</Filter>
    </ClInclude>
    <ClInclude Include="Thirdparty\imgui\imgui.h">
      <Filter>ThirdParty\imgui</Filter>
    </ClInclude>
    <ClInclude Include="Thirdparty\imgui\imgui_impl_glfw.h">
      <Filter>ThirdParty\imgui</Filter>
    </ClInclude>
    <ClInclude Include="Thirdparty\imgui\imgui_impl_opengl3.h">
      <Filter>ThirdParty\imgui</Filter>
    </ClInclude>
    <ClInclude Include="Thirdparty\imgui\imgui_internal.h">
      <Filter>ThirdParty\imgui</Filter>
    </ClInclude>
    <ClInclude Include="Thirdparty\imgui\imstb_rectpack.h">
      <Filter>ThirdParty\imgui</Filter>
    </ClInclude>
    <ClInclude Include="Thirdparty\imgui\imstb_textedit.h">
      <Filter>ThirdParty\imgui</Filter>
    </ClInclude>
    <ClInclude Include="Thirdparty\imgui\imstb_truetype.h">
      <Filter>ThirdParty\imgui</Filter>
    </ClInclude>
    <ClInclude Include="Thirdparty\STBImage\stb_image.h">
      <Filter>ThirdParty\STBImage</Filter>
    </ClInclude>
    <ClInclude Include="Level\Mesh.h">
      <Filter>Level</Filter>
    </ClInclude>
    <ClInclude Include="Renderer\Shader.h">
      <Filter>Shaders</Filter>
    </ClInclude>
    <ClInclude Include="Level\Camera.h">
      <Filter>Level</Filter>
    </ClInclude>
    <ClInclude Include="Level\MaterialManager.h">
      <Filter>Level</Filter>
    </ClInclude>
    <ClInclude Include="Level\Model.h">
      <Filter>Level</Filter>
    </ClInclude>
    <ClInclude Include="Math\Math.h">
      <Filter>Helpers</Filter>
    </ClInclude>
    <ClInclude Include="Level\Level.h">
      <Filter>Level</Filter>
    </ClInclude>
    <ClInclude Include="Renderer\VAO.h" />
    <ClInclude Include="Renderer\EBO.h" />
    <ClInclude Include="Renderer\Renderer.h" />
    <ClInclude Include="Renderer\VBO.h" />
  </ItemGroup>
  <ItemGroup>
    <Filter Include="Shaders">
      <UniqueIdentifier>{1075a758-fd0d-46bc-9d17-9008d08ca3c2}</UniqueIdentifier>
    </Filter>
    <Filter Include="ThirdParty">
      <UniqueIdentifier>{619e6f8a-6d30-4eea-9a0b-8d232aa6c968}</UniqueIdentifier>
    </Filter>
    <Filter Include="ThirdParty\STBImage">
      <UniqueIdentifier>{81922fce-ec07-4284-8bac-9a0c5e00b83d}</UniqueIdentifier>
    </Filter>
    <Filter Include="ThirdParty\imgui">
      <UniqueIdentifier>{e616c39a-e0d5-440b-b49e-b773974344f4}</UniqueIdentifier>
    </Filter>
    <Filter Include="Level">
      <UniqueIdentifier>{b5c31a02-4ae1-48d7-8fb1-863de3272955}</UniqueIdentifier>
    </Filter>
    <Filter Include="Helpers">
      <UniqueIdentifier>{e5dadc2d-7b31-41e5-b63b-57e086ffe385}</UniqueIdentifier>
    </Filter>
    <Filter Include="ThirdParty\Bullet">
      <UniqueIdentifier>{16090091-dbd3-46a0-b6a2-5c767ead7813}</UniqueIdentifier>
    </Filter>
  </ItemGroup>
  <ItemGroup>
    <None Include="Shaders\cubeFS.glsl">
      <Filter>Shaders</Filter>
    </None>
    <None Include="Shaders\cubeVS.glsl">
      <Filter>Shaders</Filter>
    </None>
    <None Include="Shaders\lightingFS.glsl">
      <Filter>Shaders</Filter>
    </None>
    <None Include="Shaders\lightingVS.glsl">
      <Filter>Shaders</Filter>
    </None>
    <None Include="Shaders\modelFS.glsl">
      <Filter>Shaders</Filter>
    </None>
    <None Include="Shaders\modelVS.glsl">
      <Filter>Shaders</Filter>
    </None>
    <None Include="Shaders\skyboxFS.glsl">
      <Filter>Shaders</Filter>
    </None>
    <None Include="Shaders\skyboxVS.glsl">
      <Filter>Shaders</Filter>
    </None>
  </ItemGroup>
</Project>